PODS:
  - IQKeyboardManagerSwift (6.3.0)

DEPENDENCIES:
  - IQKeyboardManagerSwift (= 6.3.0)

SPEC REPOS:
  trunk:
    - IQKeyboardManagerSwift

SPEC CHECKSUMS:
  IQKeyboardManagerSwift: a8228c257614af98743b4cd8584637025f36358f

PODFILE CHECKSUM: a6f8f0a2f49adf6b14f708b45f74e1409f8ff134

COCOAPODS: 1.11.3
